
Microsoft Visual Studio Solution File, Format Version 12.00
# Visual Studio 2013
VisualStudioVersion = 12.0.31101.0
MinimumVisualStudioVersion = 10.0.40219.1
Project("{FAE04EC0-301F-11D3-BF4B-00C04F79EFBC}") = "Peek4", "Peek4.csproj", "{60653CF4-A64D-41E3-91A6-1642FD2D0EBF}"
EndProject
Global
	GlobalSection(SolutionConfigurationPlatforms) = preSolution
		Debug|Any CPU = Debug|Any CPU
		Release|Any CPU = Release|Any CPU
	EndGlobalSection
	GlobalSection(ProjectConfigurationPlatforms) = postSolution
		{60653CF4-A64D-41E3-91A6-1642FD2D0EBF}.Debug|Any CPU.ActiveCfg = Debug|Any CPU
		{60653CF4-A64D-41E3-91A6-1642FD2D0EBF}.Debug|Any CPU.Build.0 = Debug|Any CPU
		{60653CF4-A64D-41E3-91A6-1642FD2D0EBF}.Release|Any CPU.ActiveCfg = Release|Any CPU
		{60653CF4-A64D-41E3-91A6-1642FD2D0EBF}.Release|Any CPU.Build.0 = Release|Any CPU
	EndGlobalSection
	GlobalSection(SolutionProperties) = preSolution
		HideSolutionNode = FALSE
	EndGlobalSection
EndGlobal
